<?xml version="1.0" encoding="utf-8"?>
<Project ToolsVersion="4.0" xmlns="http://schemas.microsoft.com/developer/msbuild/2003">
  <ItemGroup>
    <Filter Include="Header Files">
      <UniqueIdentifier>{93995380-89BD-4b04-88EB-625FBE52EBFB}</UniqueIdentifier>
      <Extensions>h;hpp;hxx;hm;inl;inc;xsd</Extensions>
    </Filter>
    <Filter Include="Resource Files">
      <UniqueIdentifier>{67DA6AB6-F800-4c08-8B7A-83BB121AAD01}</UniqueIdentifier>
      <Extensions>rc;ico;cur;bmp;dlg;rc2;rct;bin;rgs;gif;jpg;jpeg;jpe;resx</Extensions>
    </Filter>
    <Filter Include="Source Files">
      <UniqueIdentifier>{4FC737F1-C7A5-4376-A066-2A32D752A2FF}</UniqueIdentifier>
      <Extensions>cpp;c;cc;cxx;def;odl;idl;hpj;bat;asm;asmx</Extensions>
    </Filter>
  </ItemGroup>
  <ItemGroup>
    <ClInclude Include="baseexpression.h">
      <Filter>Header Files</Filter>
    </ClInclude>
    <ClInclude Include="binaryexpression.h">
      <Filter>Header Files</Filter>
    </ClInclude>
    <ClInclude Include="bplusindex.h">
      <Filter>Header Files</Filter>
    </ClInclude>
    <ClInclude Include="constantexpression.h">
      <Filter>Header Files</Filter>
    </ClInclude>
    <ClInclude Include="dbcontroller.h">
      <Filter>Header Files</Filter>
    </ClInclude>
    <ClInclude Include="dbfileinputstream.h">
      <Filter>Header Files</Filter>
    </ClInclude>
    <ClInclude Include="dbfilestream.h">
      <Filter>Header Files</Filter>
    </ClInclude>
    <ClInclude Include="expressionresult.h">
      <Filter>Header Files</Filter>
    </ClInclude>
    <ClInclude Include="filter_expressionLexer.h">
      <Filter>Header Files</Filter>
    </ClInclude>
    <ClInclude Include="filter_expressionParser.h">
      <Filter>Header Files</Filter>
    </ClInclude>
    <ClInclude Include="filterdefs.h">
      <Filter>Header Files</Filter>
    </ClInclude>
    <ClInclude Include="filterparser.h">
      <Filter>Header Files</Filter>
    </ClInclude>
    <ClInclude Include="index.h">
      <Filter>Header Files</Filter>
    </ClInclude>
    <ClInclude Include="indexfactory.h">
      <Filter>Header Files</Filter>
    </ClInclude>
    <ClInclude Include="indexmanager.h">
      <Filter>Header Files</Filter>
    </ClInclude>
    <ClInclude Include="simpleexpression.h">
      <Filter>Header Files</Filter>
    </ClInclude>
    <ClInclude Include="streammanager.h">
      <Filter>Header Files</Filter>
    </ClInclude>
    <ClInclude Include="unaryexpression.h">
      <Filter>Header Files</Filter>
    </ClInclude>
  </ItemGroup>
  <ItemGroup>
    <ClCompile Include="binaryexpression.cpp">
      <Filter>Source Files</Filter>
    </ClCompile>
    <ClCompile Include="bplusindex.cpp">
      <Filter>Source Files</Filter>
    </ClCompile>
    <ClCompile Include="constantexpression.cpp">
      <Filter>Source Files</Filter>
    </ClCompile>
    <ClCompile Include="dbcontroller.cpp">
      <Filter>Source Files</Filter>
    </ClCompile>
    <ClCompile Include="dbfileinputstream.cpp">
      <Filter>Source Files</Filter>
    </ClCompile>
    <ClCompile Include="dbfilestream.cpp">
      <Filter>Source Files</Filter>
    </ClCompile>
    <ClCompile Include="expressionresult.cpp">
      <Filter>Source Files</Filter>
    </ClCompile>
    <ClCompile Include="filter_expressionLexer.cpp">
      <Filter>Source Files</Filter>
    </ClCompile>
    <ClCompile Include="filter_expressionParser.cpp">
      <Filter>Source Files</Filter>
    </ClCompile>
    <ClCompile Include="filterdefs.cpp">
      <Filter>Source Files</Filter>
    </ClCompile>
    <ClCompile Include="filterparser.cpp">
      <Filter>Source Files</Filter>
    </ClCompile>
    <ClCompile Include="indexfactory.cpp">
      <Filter>Source Files</Filter>
    </ClCompile>
    <ClCompile Include="indexmanager.cpp">
      <Filter>Source Files</Filter>
    </ClCompile>
    <ClCompile Include="simpleexpression.cpp">
      <Filter>Source Files</Filter>
    </ClCompile>
    <ClCompile Include="streammanager.cpp">
      <Filter>Source Files</Filter>
    </ClCompile>
    <ClCompile Include="unaryexpression.cpp">
      <Filter>Source Files</Filter>
    </ClCompile>
  </ItemGroup>
  <ItemGroup>
    <None Include="..\..\..\..\filtergrammar\filter.tokens" />
  </ItemGroup>
</Project>